
Microsoft Visual Studio Solution File, Format Version 12.00
Project("{FAE04EC0-301F-11D3-BF4B-00C04F79EFBC}") = "dotnetcore", "dotnetcore.csproj", "{827DADC7-3D59-4F50-BEED-4A345D934F8E}"
EndProject
Global
	GlobalSection(SolutionConfigurationPlatforms) = preSolution
		Debug|Any CPU = Debug|Any CPU
		Release|Any CPU = Release|Any CPU
	EndGlobalSection
	GlobalSection(ProjectConfigurationPlatforms) = postSolution
		{827DADC7-3D59-4F50-BEED-4A345D934F8E}.Debug|Any CPU.ActiveCfg = Debug|Any CPU
		{827DADC7-3D59-4F50-BEED-4A345D934F8E}.Debug|Any CPU.Build.0 = Debug|Any CPU
		{827DADC7-3D59-4F50-BEED-4A345D934F8E}.Release|Any CPU.ActiveCfg = Release|Any CPU
		{827DADC7-3D59-4F50-BEED-4A345D934F8E}.Release|Any CPU.Build.0 = Release|Any CPU
	EndGlobalSection
EndGlobal
